
Microsoft Visual Studio Solution File, Format Version 12.00
# Visual Studio 15
VisualStudioVersion = 15.0.27428.1
MinimumVisualStudioVersion = 10.0.40219.1
Project("{8BC9CEB8-8B4A-11D0-8D11-00A0C91BC942}") = "TicTacToe", "TicTacToe.vcxproj", "{63673CBA-DDF8-48BA-9154-6B58E626C941}"
EndProject
Global
	GlobalSection(SolutionConfigurationPlatforms) = preSolution
		Debug|x86 = Debug|x86
		Release|x86 = Release|x86
	EndGlobalSection
	GlobalSection(ProjectConfigurationPlatforms) = postSolution
		{63673CBA-DDF8-48BA-9154-6B58E626C941}.Debug|x86.ActiveCfg = Debug|Win32
		{63673CBA-DDF8-48BA-9154-6B58E626C941}.Debug|x86.Build.0 = Debug|Win32
		{63673CBA-DDF8-48BA-9154-6B58E626C941}.Release|x86.ActiveCfg = Release|Win32
		{63673CBA-DDF8-48BA-9154-6B58E626C941}.Release|x86.Build.0 = Release|Win32
	EndGlobalSection
	GlobalSection(SolutionProperties) = preSolution
		HideSolutionNode = FALSE
	EndGlobalSection
	GlobalSection(ExtensibilityGlobals) = postSolution
		SolutionGuid = {57292274-8913-401D-9C07-4A87B872ACA3}
	EndGlobalSection
EndGlobal
